
Microsoft Visual Studio Solution File, Format Version 12.00
# Visual Studio Version 16
VisualStudioVersion = 25.0.1706.7
MinimumVisualStudioVersion = 10.0.40219.1
Project("{FAE04EC0-301F-11D3-BF4B-00C04F79EFBC}") = "AmityWrap", "AmityWrap\AmityWrap.csproj", "{ED08DFE0-519A-4682-A206-50B187FE0D82}"
EndProject
Project("{FAE04EC0-301F-11D3-BF4B-00C04F79EFBC}") = "XamityTest", "XamityTest\XamityTest.csproj", "{89D15879-0801-4F52-B041-0E7F84EA9FFB}"
EndProject
Global
	GlobalSection(SolutionConfigurationPlatforms) = preSolution
		Debug|Any CPU = Debug|Any CPU
		Release|Any CPU = Release|Any CPU
	EndGlobalSection
	GlobalSection(ProjectConfigurationPlatforms) = postSolution
		{ED08DFE0-519A-4682-A206-50B187FE0D82}.Debug|Any CPU.ActiveCfg = Debug|Any CPU
		{ED08DFE0-519A-4682-A206-50B187FE0D82}.Debug|Any CPU.Build.0 = Debug|Any CPU
		{ED08DFE0-519A-4682-A206-50B187FE0D82}.Release|Any CPU.ActiveCfg = Release|Any CPU
		{ED08DFE0-519A-4682-A206-50B187FE0D82}.Release|Any CPU.Build.0 = Release|Any CPU
		{89D15879-0801-4F52-B041-0E7F84EA9FFB}.Debug|Any CPU.ActiveCfg = Debug|Any CPU
		{89D15879-0801-4F52-B041-0E7F84EA9FFB}.Debug|Any CPU.Build.0 = Debug|Any CPU
		{89D15879-0801-4F52-B041-0E7F84EA9FFB}.Release|Any CPU.ActiveCfg = Release|Any CPU
		{89D15879-0801-4F52-B041-0E7F84EA9FFB}.Release|Any CPU.Build.0 = Release|Any CPU
	EndGlobalSection
	GlobalSection(SolutionProperties) = preSolution
		HideSolutionNode = FALSE
	EndGlobalSection
	GlobalSection(ExtensibilityGlobals) = postSolution
		SolutionGuid = {4CB99E35-EF76-4F22-ADBD-C75F8B8F2E34}
	EndGlobalSection
EndGlobal
